
Microsoft Visual Studio Solution File, Format Version 12.00
Project("{FAE04EC0-301F-11D3-BF4B-00C04F79EFBC}") = "Runner", "Runner\Runner.csproj", "{2E831B46-D395-4DB8-80F4-B5FA028E4292}"
EndProject
Project("{FAE04EC0-301F-11D3-BF4B-00C04F79EFBC}") = "Converter", "Converter\Converter.csproj", "{55B31D22-79EB-4E2D-B8AA-D0E2714C7FCC}"
EndProject
Global
	GlobalSection(SolutionConfigurationPlatforms) = preSolution
		Debug|Any CPU = Debug|Any CPU
		Release|Any CPU = Release|Any CPU
	EndGlobalSection
	GlobalSection(ProjectConfigurationPlatforms) = postSolution
		{2E831B46-D395-4DB8-80F4-B5FA028E4292}.Debug|Any CPU.ActiveCfg = Debug|Any CPU
		{2E831B46-D395-4DB8-80F4-B5FA028E4292}.Debug|Any CPU.Build.0 = Debug|Any CPU
		{2E831B46-D395-4DB8-80F4-B5FA028E4292}.Release|Any CPU.ActiveCfg = Release|Any CPU
		{2E831B46-D395-4DB8-80F4-B5FA028E4292}.Release|Any CPU.Build.0 = Release|Any CPU
		{55B31D22-79EB-4E2D-B8AA-D0E2714C7FCC}.Debug|Any CPU.ActiveCfg = Debug|Any CPU
		{55B31D22-79EB-4E2D-B8AA-D0E2714C7FCC}.Debug|Any CPU.Build.0 = Debug|Any CPU
		{55B31D22-79EB-4E2D-B8AA-D0E2714C7FCC}.Release|Any CPU.ActiveCfg = Release|Any CPU
		{55B31D22-79EB-4E2D-B8AA-D0E2714C7FCC}.Release|Any CPU.Build.0 = Release|Any CPU
	EndGlobalSection
EndGlobal
